
Microsoft Visual Studio Solution File, Format Version 12.00
# Visual Studio Version 17
VisualStudioVersion = 17.13.35931.197 d17.13
MinimumVisualStudioVersion = 10.0.40219.1
Project("{FAE04EC0-301F-11D3-BF4B-00C04F79EFBC}") = "Dsw2025Ej14.Api", "Dsw2025Ej14.Api\Dsw2025Ej14.Api.csproj", "{330FB0D2-5BFB-462B-B765-D036A91B195E}"
EndProject
Global
	GlobalSection(SolutionConfigurationPlatforms) = preSolution
		Debug|Any CPU = Debug|Any CPU
		Release|Any CPU = Release|Any CPU
	EndGlobalSection
	GlobalSection(ProjectConfigurationPlatforms) = postSolution
		{330FB0D2-5BFB-462B-B765-D036A91B195E}.Debug|Any CPU.ActiveCfg = Debug|Any CPU
		{330FB0D2-5BFB-462B-B765-D036A91B195E}.Debug|Any CPU.Build.0 = Debug|Any CPU
		{330FB0D2-5BFB-462B-B765-D036A91B195E}.Release|Any CPU.ActiveCfg = Release|Any CPU
		{330FB0D2-5BFB-462B-B765-D036A91B195E}.Release|Any CPU.Build.0 = Release|Any CPU
	EndGlobalSection
	GlobalSection(SolutionProperties) = preSolution
		HideSolutionNode = FALSE
	EndGlobalSection
	GlobalSection(ExtensibilityGlobals) = postSolution
		SolutionGuid = {D9E95C71-B1BE-455B-805D-ADA22B210E3C}
	EndGlobalSection
EndGlobal
